
Microsoft Visual Studio Solution File, Format Version 12.00
# Visual Studio Version 16
VisualStudioVersion = 16.0.31410.357
MinimumVisualStudioVersion = 10.0.40219.1
Project("{9A19103F-16F7-4668-BE54-9A1E7A4F7556}") = "ProxyPortRouter.Core.Tests", "ProxyPortRouter.Core.Tests\ProxyPortRouter.Core.Tests.csproj", "{CFE97F19-21D3-4915-9260-8551B7B45DF5}"
EndProject
Project("{2150E333-8FDC-42A3-9474-1A3956D46DE8}") = "Docs", "Docs", "{91695876-7DEB-45FC-8A50-9BD75765E446}"
	ProjectSection(SolutionItems) = preProject
		README.md = README.md
	EndProjectSection
EndProject
Project("{9A19103F-16F7-4668-BE54-9A1E7A4F7556}") = "ProxyPortRouterService", "ProxyPortRouterService\ProxyPortRouterService.csproj", "{F9EB901B-E386-4276-AE9C-3FE1C2F09A1B}"
EndProject
Project("{2150E333-8FDC-42A3-9474-1A3956D46DE8}") = "Common", "Common", "{515282EA-49EE-4988-9560-FD84AFB55CAC}"
	ProjectSection(SolutionItems) = preProject
		stylecop.json = stylecop.json
	EndProjectSection
EndProject
Project("{9A19103F-16F7-4668-BE54-9A1E7A4F7556}") = "ProxyPortRouter.Core", "ProxyPortRouter.Core\ProxyPortRouter.Core.csproj", "{648B3662-F853-4439-9C76-767A9EE53FCE}"
EndProject
Global
	GlobalSection(SolutionConfigurationPlatforms) = preSolution
		Debug|Any CPU = Debug|Any CPU
		Release|Any CPU = Release|Any CPU
	EndGlobalSection
	GlobalSection(ProjectConfigurationPlatforms) = postSolution
		{CFE97F19-21D3-4915-9260-8551B7B45DF5}.Debug|Any CPU.ActiveCfg = Debug|Any CPU
		{CFE97F19-21D3-4915-9260-8551B7B45DF5}.Debug|Any CPU.Build.0 = Debug|Any CPU
		{CFE97F19-21D3-4915-9260-8551B7B45DF5}.Release|Any CPU.ActiveCfg = Release|Any CPU
		{CFE97F19-21D3-4915-9260-8551B7B45DF5}.Release|Any CPU.Build.0 = Release|Any CPU
		{F9EB901B-E386-4276-AE9C-3FE1C2F09A1B}.Debug|Any CPU.ActiveCfg = Debug|Any CPU
		{F9EB901B-E386-4276-AE9C-3FE1C2F09A1B}.Debug|Any CPU.Build.0 = Debug|Any CPU
		{F9EB901B-E386-4276-AE9C-3FE1C2F09A1B}.Release|Any CPU.ActiveCfg = Release|Any CPU
		{F9EB901B-E386-4276-AE9C-3FE1C2F09A1B}.Release|Any CPU.Build.0 = Release|Any CPU
		{648B3662-F853-4439-9C76-767A9EE53FCE}.Debug|Any CPU.ActiveCfg = Debug|Any CPU
		{648B3662-F853-4439-9C76-767A9EE53FCE}.Debug|Any CPU.Build.0 = Debug|Any CPU
		{648B3662-F853-4439-9C76-767A9EE53FCE}.Release|Any CPU.ActiveCfg = Release|Any CPU
		{648B3662-F853-4439-9C76-767A9EE53FCE}.Release|Any CPU.Build.0 = Release|Any CPU
	EndGlobalSection
	GlobalSection(SolutionProperties) = preSolution
		HideSolutionNode = FALSE
	EndGlobalSection
	GlobalSection(ExtensibilityGlobals) = postSolution
		SolutionGuid = {6805247C-B9E0-4B1E-868C-EE2C723BC294}
	EndGlobalSection
EndGlobal
